
Microsoft Visual Studio Solution File, Format Version 12.00
# Visual Studio Version 17
VisualStudioVersion = 17.0.31903.59
MinimumVisualStudioVersion = 10.0.40219.1
Project("{FAE04EC0-301F-11D3-BF4B-00C04F79EFBC}") = "Inventory.Api", "Inventory.Api\Inventory.Api.csproj", "{C09CEEB3-2B47-428F-AC4B-17BA5F5F0780}"
EndProject
Project("{FAE04EC0-301F-11D3-BF4B-00C04F79EFBC}") = "Inventory.Api.Tests", "Inventory.Api.Tests\Inventory.Api.Tests.csproj", "{EB3080D6-D38B-4B0B-99E5-E7F70D99A4EC}"
EndProject
Global
	GlobalSection(SolutionConfigurationPlatforms) = preSolution
		Debug|Any CPU = Debug|Any CPU
		Debug|x64 = Debug|x64
		Debug|x86 = Debug|x86
		Release|Any CPU = Release|Any CPU
		Release|x64 = Release|x64
		Release|x86 = Release|x86
	EndGlobalSection
	GlobalSection(ProjectConfigurationPlatforms) = postSolution
		{C09CEEB3-2B47-428F-AC4B-17BA5F5F0780}.Debug|Any CPU.ActiveCfg = Debug|Any CPU
		{C09CEEB3-2B47-428F-AC4B-17BA5F5F0780}.Debug|Any CPU.Build.0 = Debug|Any CPU
		{C09CEEB3-2B47-428F-AC4B-17BA5F5F0780}.Debug|x64.ActiveCfg = Debug|Any CPU
		{C09CEEB3-2B47-428F-AC4B-17BA5F5F0780}.Debug|x64.Build.0 = Debug|Any CPU
		{C09CEEB3-2B47-428F-AC4B-17BA5F5F0780}.Debug|x86.ActiveCfg = Debug|Any CPU
		{C09CEEB3-2B47-428F-AC4B-17BA5F5F0780}.Debug|x86.Build.0 = Debug|Any CPU
		{C09CEEB3-2B47-428F-AC4B-17BA5F5F0780}.Release|Any CPU.ActiveCfg = Release|Any CPU
		{C09CEEB3-2B47-428F-AC4B-17BA5F5F0780}.Release|Any CPU.Build.0 = Release|Any CPU
		{C09CEEB3-2B47-428F-AC4B-17BA5F5F0780}.Release|x64.ActiveCfg = Release|Any CPU
		{C09CEEB3-2B47-428F-AC4B-17BA5F5F0780}.Release|x64.Build.0 = Release|Any CPU
		{C09CEEB3-2B47-428F-AC4B-17BA5F5F0780}.Release|x86.ActiveCfg = Release|Any CPU
		{C09CEEB3-2B47-428F-AC4B-17BA5F5F0780}.Release|x86.Build.0 = Release|Any CPU
		{EB3080D6-D38B-4B0B-99E5-E7F70D99A4EC}.Debug|Any CPU.ActiveCfg = Debug|Any CPU
		{EB3080D6-D38B-4B0B-99E5-E7F70D99A4EC}.Debug|Any CPU.Build.0 = Debug|Any CPU
		{EB3080D6-D38B-4B0B-99E5-E7F70D99A4EC}.Debug|x64.ActiveCfg = Debug|Any CPU
		{EB3080D6-D38B-4B0B-99E5-E7F70D99A4EC}.Debug|x64.Build.0 = Debug|Any CPU
		{EB3080D6-D38B-4B0B-99E5-E7F70D99A4EC}.Debug|x86.ActiveCfg = Debug|Any CPU
		{EB3080D6-D38B-4B0B-99E5-E7F70D99A4EC}.Debug|x86.Build.0 = Debug|Any CPU
		{EB3080D6-D38B-4B0B-99E5-E7F70D99A4EC}.Release|Any CPU.ActiveCfg = Release|Any CPU
		{EB3080D6-D38B-4B0B-99E5-E7F70D99A4EC}.Release|Any CPU.Build.0 = Release|Any CPU
		{EB3080D6-D38B-4B0B-99E5-E7F70D99A4EC}.Release|x64.ActiveCfg = Release|Any CPU
		{EB3080D6-D38B-4B0B-99E5-E7F70D99A4EC}.Release|x64.Build.0 = Release|Any CPU
		{EB3080D6-D38B-4B0B-99E5-E7F70D99A4EC}.Release|x86.ActiveCfg = Release|Any CPU
		{EB3080D6-D38B-4B0B-99E5-E7F70D99A4EC}.Release|x86.Build.0 = Release|Any CPU
	EndGlobalSection
	GlobalSection(SolutionProperties) = preSolution
		HideSolutionNode = FALSE
	EndGlobalSection
EndGlobal
